
Microsoft Visual Studio Solution File, Format Version 12.00
# Visual Studio Version 17
VisualStudioVersion = 17.12.35527.113 d17.12
MinimumVisualStudioVersion = 10.0.40219.1
Project("{FAE04EC0-301F-11D3-BF4B-00C04F79EFBC}") = "Day 12", "Day 12\Day 12.csproj", "{685251CB-7CB6-4720-916D-45F1F8D1B0BA}"
EndProject
Global
	GlobalSection(SolutionConfigurationPlatforms) = preSolution
		Debug|Any CPU = Debug|Any CPU
		Release|Any CPU = Release|Any CPU
	EndGlobalSection
	GlobalSection(ProjectConfigurationPlatforms) = postSolution
		{685251CB-7CB6-4720-916D-45F1F8D1B0BA}.Debug|Any CPU.ActiveCfg = Debug|Any CPU
		{685251CB-7CB6-4720-916D-45F1F8D1B0BA}.Debug|Any CPU.Build.0 = Debug|Any CPU
		{685251CB-7CB6-4720-916D-45F1F8D1B0BA}.Release|Any CPU.ActiveCfg = Release|Any CPU
		{685251CB-7CB6-4720-916D-45F1F8D1B0BA}.Release|Any CPU.Build.0 = Release|Any CPU
	EndGlobalSection
	GlobalSection(SolutionProperties) = preSolution
		HideSolutionNode = FALSE
	EndGlobalSection
EndGlobal
